
Microsoft Visual Studio Solution File, Format Version 12.00
# Visual Studio Version 16
VisualStudioVersion = 16.0.30503.244
MinimumVisualStudioVersion = 10.0.40219.1
Project("{8BC9CEB8-8B4A-11D0-8D11-00A0C91BC942}") = "SLMLab", "SLMLab.vcxproj", "{6CADD95A-0431-4284-B85C-ED47A8A82B4C}"
EndProject
Global
	GlobalSection(SolutionConfigurationPlatforms) = preSolution
		Debug|x64 = Debug|x64
		Release|x64 = Release|x64
	EndGlobalSection
	GlobalSection(ProjectConfigurationPlatforms) = postSolution
		{6CADD95A-0431-4284-B85C-ED47A8A82B4C}.Debug|x64.ActiveCfg = Debug|x64
		{6CADD95A-0431-4284-B85C-ED47A8A82B4C}.Debug|x64.Build.0 = Debug|x64
		{6CADD95A-0431-4284-B85C-ED47A8A82B4C}.Release|x64.ActiveCfg = Release|x64
		{6CADD95A-0431-4284-B85C-ED47A8A82B4C}.Release|x64.Build.0 = Release|x64
	EndGlobalSection
	GlobalSection(SolutionProperties) = preSolution
		HideSolutionNode = FALSE
	EndGlobalSection
	GlobalSection(ExtensibilityGlobals) = postSolution
		SolutionGuid = {B4DBE740-A346-4956-88C1-54495B39DE41}
	EndGlobalSection
EndGlobal
